
Microsoft Visual Studio Solution File, Format Version 12.00
# Visual Studio 14
VisualStudioVersion = 14.0.24720.0
MinimumVisualStudioVersion = 10.0.40219.1
Project("{FAE04EC0-301F-11D3-BF4B-00C04F79EFBC}") = "Domain", "Domain\Domain.csproj", "{620201BB-5E38-4C01-99F2-73AE428757FE}"
EndProject
Project("{FAE04EC0-301F-11D3-BF4B-00C04F79EFBC}") = "Tests", "Tests\Tests.csproj", "{B6719962-BDA0-4729-A8DC-8431F2207B38}"
EndProject
Project("{FAE04EC0-301F-11D3-BF4B-00C04F79EFBC}") = "ReadModels", "ReadModels\ReadModels.csproj", "{387D5802-4230-4F2C-9935-FD3F7643B92F}"
EndProject
Project("{FAE04EC0-301F-11D3-BF4B-00C04F79EFBC}") = "Api", "Api\Api.csproj", "{A060E482-7B08-4FD2-B3D8-61DD60C23183}"
EndProject
Global
	GlobalSection(SolutionConfigurationPlatforms) = preSolution
		Debug|Any CPU = Debug|Any CPU
		Release|Any CPU = Release|Any CPU
	EndGlobalSection
	GlobalSection(ProjectConfigurationPlatforms) = postSolution
		{620201BB-5E38-4C01-99F2-73AE428757FE}.Debug|Any CPU.ActiveCfg = Debug|Any CPU
		{620201BB-5E38-4C01-99F2-73AE428757FE}.Debug|Any CPU.Build.0 = Debug|Any CPU
		{620201BB-5E38-4C01-99F2-73AE428757FE}.Release|Any CPU.ActiveCfg = Release|Any CPU
		{620201BB-5E38-4C01-99F2-73AE428757FE}.Release|Any CPU.Build.0 = Release|Any CPU
		{B6719962-BDA0-4729-A8DC-8431F2207B38}.Debug|Any CPU.ActiveCfg = Debug|Any CPU
		{B6719962-BDA0-4729-A8DC-8431F2207B38}.Debug|Any CPU.Build.0 = Debug|Any CPU
		{B6719962-BDA0-4729-A8DC-8431F2207B38}.Release|Any CPU.ActiveCfg = Release|Any CPU
		{B6719962-BDA0-4729-A8DC-8431F2207B38}.Release|Any CPU.Build.0 = Release|Any CPU
		{387D5802-4230-4F2C-9935-FD3F7643B92F}.Debug|Any CPU.ActiveCfg = Debug|Any CPU
		{387D5802-4230-4F2C-9935-FD3F7643B92F}.Debug|Any CPU.Build.0 = Debug|Any CPU
		{387D5802-4230-4F2C-9935-FD3F7643B92F}.Release|Any CPU.ActiveCfg = Release|Any CPU
		{387D5802-4230-4F2C-9935-FD3F7643B92F}.Release|Any CPU.Build.0 = Release|Any CPU
		{A060E482-7B08-4FD2-B3D8-61DD60C23183}.Debug|Any CPU.ActiveCfg = Debug|Any CPU
		{A060E482-7B08-4FD2-B3D8-61DD60C23183}.Debug|Any CPU.Build.0 = Debug|Any CPU
		{A060E482-7B08-4FD2-B3D8-61DD60C23183}.Release|Any CPU.ActiveCfg = Release|Any CPU
		{A060E482-7B08-4FD2-B3D8-61DD60C23183}.Release|Any CPU.Build.0 = Release|Any CPU
	EndGlobalSection
	GlobalSection(SolutionProperties) = preSolution
		HideSolutionNode = FALSE
	EndGlobalSection
EndGlobal
